version = 1
requires-python = ">=3.12"

[[package]]
name = "tinyrag"
version = "0.1.0"
source = { editable = "." }
dependencies = [
    { name = "tinytune" },
]

[package.metadata]
requires-dist = [{ name = "tinytune" }]

[[package]]
name = "tinytune"
version = "0.0.9"
source = { registry = "https://pypi.org/simple" }
sdist = { url = "https://files.pythonhosted.org/packages/7e/fa/648a795a70a2235232f75d1cb6bbc382f063c96a5f1d0e8be3b02d152b68/tinytune-0.0.9.tar.gz", hash = "sha256:5b2e456e35d6214e5134cc821ac349e5a0e21fb1a612333384ad21984964b5f8", size = 36092 }
wheels = [
    { url = "https://files.pythonhosted.org/packages/13/23/57c92674ceb17cfa4136b528cb19ca629d90be49782a6c6158c69f9ade37/tinytune-0.0.9-py3-none-any.whl", hash = "sha256:f07897d305a1b9161c45b5f8e6d5b059ba107478be8045b93c5baffe436ea8f3", size = 10290 },
]
